
Microsoft Visual Studio Solution File, Format Version 12.00
# Visual Studio Version 17
VisualStudioVersion = 17.8.34316.72
MinimumVisualStudioVersion = 10.0.40219.1
Project("{9A19103F-16F7-4668-BE54-9A1E7A4F7556}") = "PokerChallengeTests", "PokerChallengeTests\PokerChallengeTests.csproj", "{DD4C25CF-B620-47C5-9E32-C8229114B2FA}"
EndProject
Project("{9A19103F-16F7-4668-BE54-9A1E7A4F7556}") = "PokerChallenge", "PokerChallenge\PokerChallenge.csproj", "{284BDBDC-B725-4E62-AFA4-012193FC55EE}"
EndProject
Global
	GlobalSection(SolutionConfigurationPlatforms) = preSolution
		Debug|Any CPU = Debug|Any CPU
		Release|Any CPU = Release|Any CPU
	EndGlobalSection
	GlobalSection(ProjectConfigurationPlatforms) = postSolution
		{DD4C25CF-B620-47C5-9E32-C8229114B2FA}.Debug|Any CPU.ActiveCfg = Debug|Any CPU
		{DD4C25CF-B620-47C5-9E32-C8229114B2FA}.Debug|Any CPU.Build.0 = Debug|Any CPU
		{DD4C25CF-B620-47C5-9E32-C8229114B2FA}.Release|Any CPU.ActiveCfg = Release|Any CPU
		{DD4C25CF-B620-47C5-9E32-C8229114B2FA}.Release|Any CPU.Build.0 = Release|Any CPU
		{284BDBDC-B725-4E62-AFA4-012193FC55EE}.Debug|Any CPU.ActiveCfg = Debug|Any CPU
		{284BDBDC-B725-4E62-AFA4-012193FC55EE}.Debug|Any CPU.Build.0 = Debug|Any CPU
		{284BDBDC-B725-4E62-AFA4-012193FC55EE}.Release|Any CPU.ActiveCfg = Release|Any CPU
		{284BDBDC-B725-4E62-AFA4-012193FC55EE}.Release|Any CPU.Build.0 = Release|Any CPU
	EndGlobalSection
	GlobalSection(SolutionProperties) = preSolution
		HideSolutionNode = FALSE
	EndGlobalSection
	GlobalSection(ExtensibilityGlobals) = postSolution
		SolutionGuid = {DD1C37FD-9CC3-4823-ACAA-D8B7F7607DD6}
	EndGlobalSection
EndGlobal
